{
  "name": "@type-challenges/actions",
  "version": "1.0.0",
  "lockfileVersion": 1,
  "requires": true,
  "dependencies": {
    "@actions/core": {
      "version": "1.2.4"
    },
    "@actions/io": {
      "version": "1.0.2"
    },
    "@type-challenges/octokit-create-pull-request": {
      "version": "0.1.8"
    },
    "@types/js-yaml": {
      "version": "3.12.5",
      "dev": true
    },
    "@types/lz-string": {
      "version": "1.3.34",
      "dev": true
    },
    "@vitalets/google-translate-token": {
      "version": "1.2.0",
      "resolved": "https://registry.npmjs.org/@vitalets/google-translate-token/-/google-translate-token-1.2.0.tgz",
      "integrity": "sha512-7MXRjMIWTH8XdIWRWj9IUwgYnd+VB5/herOgxNemSRzIJ6oaIeAxOSe0htw5S+OSm/gvCcUz2gq3SNBO0TufDA==",
      "requires": {
        "configstore": "^5.0.1",
        "got": "^6.3.0"
      }
    },
    "agent-base": {
      "version": "4.3.0",
      "resolved": "https://registry.npmjs.org/agent-base/-/agent-base-4.3.0.tgz",
      "integrity": "sha512-salcGninV0nPrwpGNn4VTXBb1SOuXQBiqbrNXoeizJsHrsL6ERFM2Ne3JUSBWRE6aeNJI2ROP/WEEIDUiDe3cg==",
      "requires": {
        "es6-promisify": "^5.0.0"
      }
    },
    "axios-https-proxy-fix": {
      "version": "0.17.1",
      "resolved": "https://registry.npmjs.org/axios-https-proxy-fix/-/axios-https-proxy-fix-0.17.1.tgz",
      "integrity": "sha512-ZsIVzZEndyNHQXMphMeyZi6AmwfxhyHqZIXmqpfA/Lea7P3DoPCzwnCVgvIVTJVlSONkIaGIunOO8oVI5d35UA==",
      "requires": {
        "follow-redirects": "^1.2.5",
        "https-proxy-agent": "^2.1.1",
        "is-buffer": "^1.1.5"
      }
    },
    "capture-stack-trace": {
      "version": "1.0.1",
      "resolved": "https://registry.npmjs.org/capture-stack-trace/-/capture-stack-trace-1.0.1.tgz",
      "integrity": "sha512-mYQLZnx5Qt1JgB1WEiMCf2647plpGeQ2NMR/5L0HNZzGQo4fuSPnK+wjfPnKZV0aiJDgzmWqqkV/g7JD+DW0qw=="
    },
    "configstore": {
      "version": "5.0.1",
      "resolved": "https://registry.npmjs.org/configstore/-/configstore-5.0.1.tgz",
      "integrity": "sha512-aMKprgk5YhBNyH25hj8wGt2+D52Sw1DRRIzqBwLp2Ya9mFmY8KPvvtvmna8SxVR9JMZ4kzMD68N22vlaRpkeFA==",
      "requires": {
        "dot-prop": "^5.2.0",
        "graceful-fs": "^4.1.2",
        "make-dir": "^3.0.0",
        "unique-string": "^2.0.0",
        "write-file-atomic": "^3.0.0",
        "xdg-basedir": "^4.0.0"
      }
    },
    "create-error-class": {
      "version": "3.0.2",
      "resolved": "https://registry.npmjs.org/create-error-class/-/create-error-class-3.0.2.tgz",
      "integrity": "sha1-Br56vvlHo/FKMP1hBnHUAbyot7Y=",
      "requires": {
        "capture-stack-trace": "^1.0.0"
      }
    },
    "crypto-random-string": {
      "version": "2.0.0",
      "resolved": "https://registry.npmjs.org/crypto-random-string/-/crypto-random-string-2.0.0.tgz",
      "integrity": "sha512-v1plID3y9r/lPhviJ1wrXpLeyUIGAZ2SHNYTEapm7/8A9nLPoyvVp3RK/EPFqn5kEznyWgYZNsRtYYIWbuG8KA=="
    },
    "debug": {
      "version": "3.2.6",
      "resolved": "https://registry.npmjs.org/debug/-/debug-3.2.6.tgz",
      "integrity": "sha512-mel+jf7nrtEl5Pn1Qx46zARXKDpBbvzezse7p7LqINmdoIk8PYP5SySaxEmYv6TZ0JyEKA1hsCId6DIhgITtWQ==",
      "requires": {
        "ms": "^2.1.1"
      }
    },
    "dot-prop": {
      "version": "5.2.0",
      "resolved": "https://registry.npmjs.org/dot-prop/-/dot-prop-5.2.0.tgz",
      "integrity": "sha512-uEUyaDKoSQ1M4Oq8l45hSE26SnTxL6snNnqvK/VWx5wJhmff5z0FUVJDKDanor/6w3kzE3i7XZOk+7wC0EXr1A==",
      "requires": {
        "is-obj": "^2.0.0"
      }
    },
    "duplexer3": {
      "version": "0.1.4",
      "resolved": "https://registry.npmjs.org/duplexer3/-/duplexer3-0.1.4.tgz",
      "integrity": "sha1-7gHdHKwO08vH/b6jfcCo8c4ALOI="
    },
    "es6-promise": {
      "version": "4.2.8",
      "resolved": "https://registry.npmjs.org/es6-promise/-/es6-promise-4.2.8.tgz",
      "integrity": "sha512-HJDGx5daxeIvxdBxvG2cb9g4tEvwIk3i8+nhX0yGrYmZUzbkdg8QbDevheDB8gd0//uPj4c1EQua8Q+MViT0/w=="
    },
    "es6-promisify": {
      "version": "5.0.0",
      "resolved": "https://registry.npmjs.org/es6-promisify/-/es6-promisify-5.0.0.tgz",
      "integrity": "sha1-UQnWLz5W6pZ8S2NQWu8IKRyKUgM=",
      "requires": {
        "es6-promise": "^4.0.3"
      }
    },
    "fast-glob": {
      "version": "3.2.4",
      "requires": {
        "@nodelib/fs.stat": "^2.0.2",
        "@nodelib/fs.walk": "^1.2.3",
        "glob-parent": "^5.1.0",
        "merge2": "^1.3.0",
        "micromatch": "^4.0.2",
        "picomatch": "^2.2.1"
      },
      "dependencies": {
        "@nodelib/fs.scandir": {
          "version": "2.1.3",
          "resolved": "https://registry.npmjs.org/@nodelib/fs.scandir/-/fs.scandir-2.1.3.tgz",
          "integrity": "sha512-eGmwYQn3gxo4r7jdQnkrrN6bY478C3P+a/y72IJukF8LjB6ZHeB3c+Ehacj3sYeSmUXGlnA67/PmbM9CVwL7Dw==",
          "requires": {
            "@nodelib/fs.stat": "2.0.3",
            "run-parallel": "^1.1.9"
          }
        },
        "@nodelib/fs.stat": {
          "version": "2.0.3",
          "resolved": "https://registry.npmjs.org/@nodelib/fs.stat/-/fs.stat-2.0.3.tgz",
          "integrity": "sha512-bQBFruR2TAwoevBEd/NWMoAAtNGzTRgdrqnYCc7dhzfoNvqPzLyqlEQnzZ3kVnNrSp25iyxE00/3h2fqGAGArA=="
        },
        "@nodelib/fs.walk": {
          "version": "1.2.4",
          "resolved": "https://registry.npmjs.org/@nodelib/fs.walk/-/fs.walk-1.2.4.tgz",
          "integrity": "sha512-1V9XOY4rDW0rehzbrcqAmHnz8e7SKvX27gh8Gt2WgB0+pdzdiLV83p72kZPU+jvMbS1qU5mauP2iOvO8rhmurQ==",
          "requires": {
            "@nodelib/fs.scandir": "2.1.3",
            "fastq": "^1.6.0"
          }
        },
        "braces": {
          "version": "3.0.2",
          "resolved": "https://registry.npmjs.org/braces/-/braces-3.0.2.tgz",
          "integrity": "sha512-b8um+L1RzM3WDSzvhm6gIz1yfTbBt6YTlcEKAvsmqCZZFw46z626lVj9j1yEPW33H5H+lBQpZMP1k8l+78Ha0A==",
          "requires": {
            "fill-range": "^7.0.1"
          }
        },
        "fastq": {
          "version": "1.8.0",
          "resolved": "https://registry.npmjs.org/fastq/-/fastq-1.8.0.tgz",
          "integrity": "sha512-SMIZoZdLh/fgofivvIkmknUXyPnvxRE3DhtZ5Me3Mrsk5gyPL42F0xr51TdRXskBxHfMp+07bcYzfsYEsSQA9Q==",
          "requires": {
            "reusify": "^1.0.4"
          }
        },
        "fill-range": {
          "version": "7.0.1",
          "resolved": "https://registry.npmjs.org/fill-range/-/fill-range-7.0.1.tgz",
          "integrity": "sha512-qOo9F+dMUmC2Lcb4BbVvnKJxTPjCm+RRpe4gDuGrzkL7mEVl/djYSu2OdQ2Pa302N4oqkSg9ir6jaLWJ2USVpQ==",
          "requires": {
            "to-regex-range": "^5.0.1"
          }
        },
        "glob-parent": {
          "version": "5.1.1",
          "resolved": "https://registry.npmjs.org/glob-parent/-/glob-parent-5.1.1.tgz",
          "integrity": "sha512-FnI+VGOpnlGHWZxthPGR+QhR78fuiK0sNLkHQv+bL9fQi57lNNdquIbna/WrfROrolq8GK5Ek6BiMwqL/voRYQ==",
          "requires": {
            "is-glob": "^4.0.1"
          }
        },
        "is-extglob": {
          "version": "2.1.1",
          "resolved": "https://registry.npmjs.org/is-extglob/-/is-extglob-2.1.1.tgz",
          "integrity": "sha1-qIwCU1eR8C7TfHahueqXc8gz+MI="
        },
        "is-glob": {
          "version": "4.0.1",
          "resolved": "https://registry.npmjs.org/is-glob/-/is-glob-4.0.1.tgz",
          "integrity": "sha512-5G0tKtBTFImOqDnLB2hG6Bp2qcKEFduo4tZu9MT/H6NQv/ghhy30o55ufafxJ/LdH79LLs2Kfrn85TLKyA7BUg==",
          "requires": {
            "is-extglob": "^2.1.1"
          }
        },
        "is-number": {
          "version": "7.0.0",
          "resolved": "https://registry.npmjs.org/is-number/-/is-number-7.0.0.tgz",
          "integrity": "sha512-41Cifkg6e8TylSpdtTpeLVMqvSBEVzTttHvERD741+pnZ8ANv0004MRL43QKPDlK9cGvNp6NZWZUBlbGXYxxng=="
        },
        "merge2": {
          "version": "1.4.1",
          "resolved": "https://registry.npmjs.org/merge2/-/merge2-1.4.1.tgz",
          "integrity": "sha512-8q7VEgMJW4J8tcfVPy8g09NcQwZdbwFEqhe/WZkoIzjn/3TGDwtOCYtXGxA3O8tPzpczCCDgv+P2P5y00ZJOOg=="
        },
        "micromatch": {
          "version": "4.0.2",
          "resolved": "https://registry.npmjs.org/micromatch/-/micromatch-4.0.2.tgz",
          "integrity": "sha512-y7FpHSbMUMoyPbYUSzO6PaZ6FyRnQOpHuKwbo1G+Knck95XVU4QAiKdGEnj5wwoS7PlOgthX/09u5iFJ+aYf5Q==",
          "requires": {
            "braces": "^3.0.1",
            "picomatch": "^2.0.5"
          }
        },
        "picomatch": {
          "version": "2.2.2",
          "resolved": "https://registry.npmjs.org/picomatch/-/picomatch-2.2.2.tgz",
          "integrity": "sha512-q0M/9eZHzmr0AulXyPwNfZjtwZ/RBZlbN3K3CErVrk50T2ASYI7Bye0EvekFY3IP1Nt2DHu0re+V2ZHIpMkuWg=="
        },
        "reusify": {
          "version": "1.0.4",
          "resolved": "https://registry.npmjs.org/reusify/-/reusify-1.0.4.tgz",
          "integrity": "sha512-U9nH88a3fc/ekCF1l0/UP1IosiuIjyTh7hBvXVMHYgVcfGvt897Xguj2UOLDeI5BG2m7/uwyaLVT6fbtCwTyzw=="
        },
        "run-parallel": {
          "version": "1.1.9",
          "resolved": "https://registry.npmjs.org/run-parallel/-/run-parallel-1.1.9.tgz",
          "integrity": "sha512-DEqnSRTDw/Tc3FXf49zedI638Z9onwUotBMiUFKmrO2sdFKIbXamXGQ3Axd4qgphxKB4kw/qP1w5kTxnfU1B9Q=="
        },
        "to-regex-range": {
          "version": "5.0.1",
          "resolved": "https://registry.npmjs.org/to-regex-range/-/to-regex-range-5.0.1.tgz",
          "integrity": "sha512-65P7iz6X5yEr1cwcgvQxbbIw7Uk3gOy5dIdtZ4rDveLqhrdJP+Li/Hx6tyK0NEb+2GCyneCMJiGqrADCSNk8sQ==",
          "requires": {
            "is-number": "^7.0.0"
          }
        }
      }
    },
    "follow-redirects": {
      "version": "1.13.0",
      "resolved": "https://registry.npmjs.org/follow-redirects/-/follow-redirects-1.13.0.tgz",
      "integrity": "sha512-aq6gF1BEKje4a9i9+5jimNFIpq4Q1WiwBToeRK5NvZBd/TRsmW8BsJfOEGkr76TbOyPVD3OVDN910EcUNtRYEA=="
    },
    "fs-extra": {
      "version": "9.0.1",
      "requires": {
        "at-least-node": "^1.0.0",
        "graceful-fs": "^4.2.0",
        "jsonfile": "^6.0.1",
        "universalify": "^1.0.0"
      },
      "dependencies": {
        "at-least-node": {
          "version": "1.0.0",
          "resolved": "https://registry.npmjs.org/at-least-node/-/at-least-node-1.0.0.tgz",
          "integrity": "sha512-+q/t7Ekv1EDY2l6Gda6LLiX14rU9TV20Wa3ofeQmwPFZbOMo9DXrLbOjFaaclkXKWidIaopwAObQDqwWtGUjqg=="
        },
        "graceful-fs": {
          "version": "4.2.4",
          "resolved": "https://registry.npmjs.org/graceful-fs/-/graceful-fs-4.2.4.tgz",
          "integrity": "sha512-WjKPNJF79dtJAVniUlGGWHYGz2jWxT6VhN/4m1NdkbZ2nOsEF+cI1Edgql5zCRhs/VsQYRvrXctxktVXZUkixw=="
        },
        "jsonfile": {
          "version": "6.0.1",
          "resolved": "https://registry.npmjs.org/jsonfile/-/jsonfile-6.0.1.tgz",
          "integrity": "sha512-jR2b5v7d2vIOust+w3wtFKZIfpC2pnRmFAhAC/BuweZFQR8qZzxH1OyrQ10HmdVYiXWkYUqPVsz91cG7EL2FBg==",
          "requires": {
            "graceful-fs": "^4.1.6",
            "universalify": "^1.0.0"
          }
        },
        "universalify": {
          "version": "1.0.0",
          "resolved": "https://registry.npmjs.org/universalify/-/universalify-1.0.0.tgz",
          "integrity": "sha512-rb6X1W158d7pRQBg5gkR8uPaSfiids68LTJQYOtEUhoJUWBdaQHsuT/EUduxXYxcrt4r5PJ4fuHW1MHT6p0qug=="
        }
      }
    },
    "get-stream": {
      "version": "3.0.0",
      "resolved": "https://registry.npmjs.org/get-stream/-/get-stream-3.0.0.tgz",
      "integrity": "sha1-jpQ9E1jcN1VQVOy+LtsFqhdO3hQ="
    },
    "google-translate-open-api": {
      "version": "1.3.5",
      "resolved": "https://registry.npmjs.org/google-translate-open-api/-/google-translate-open-api-1.3.5.tgz",
      "integrity": "sha512-YaU+h8g0OlbWcZi1/xzR9fZJkB5pd9AU/R5LGvP1EztvNW5qOjq67Qg9DJn6JJTc6AAIK2eeIvbcwtfBjvvd4w==",
      "requires": {
        "@vitalets/google-translate-token": "^1.1.0",
        "axios-https-proxy-fix": "^0.17.1"
      }
    },
    "got": {
      "version": "6.7.1",
      "resolved": "https://registry.npmjs.org/got/-/got-6.7.1.tgz",
      "integrity": "sha1-JAzQV4WpoY5WHcG0S0HHY+8ejbA=",
      "requires": {
        "create-error-class": "^3.0.0",
        "duplexer3": "^0.1.4",
        "get-stream": "^3.0.0",
        "is-redirect": "^1.0.0",
        "is-retry-allowed": "^1.0.0",
        "is-stream": "^1.0.0",
        "lowercase-keys": "^1.0.0",
        "safe-buffer": "^5.0.1",
        "timed-out": "^4.0.0",
        "unzip-response": "^2.0.1",
        "url-parse-lax": "^1.0.0"
      }
    },
    "graceful-fs": {
      "version": "4.2.4",
      "resolved": "https://registry.npmjs.org/graceful-fs/-/graceful-fs-4.2.4.tgz",
      "integrity": "sha512-WjKPNJF79dtJAVniUlGGWHYGz2jWxT6VhN/4m1NdkbZ2nOsEF+cI1Edgql5zCRhs/VsQYRvrXctxktVXZUkixw=="
    },
    "https-proxy-agent": {
      "version": "2.2.4",
      "resolved": "https://registry.npmjs.org/https-proxy-agent/-/https-proxy-agent-2.2.4.tgz",
      "integrity": "sha512-OmvfoQ53WLjtA9HeYP9RNrWMJzzAz1JGaSFr1nijg0PVR1JaD/xbJq1mdEIIlxGpXp9eSe/O2LgU9DJmTPd0Eg==",
      "requires": {
        "agent-base": "^4.3.0",
        "debug": "^3.1.0"
      }
    },
    "imurmurhash": {
      "version": "0.1.4",
      "resolved": "https://registry.npmjs.org/imurmurhash/-/imurmurhash-0.1.4.tgz",
      "integrity": "sha1-khi5srkoojixPcT7a21XbyMUU+o="
    },
    "is-buffer": {
      "version": "1.1.6",
      "resolved": "https://registry.npmjs.org/is-buffer/-/is-buffer-1.1.6.tgz",
      "integrity": "sha512-NcdALwpXkTm5Zvvbk7owOUSvVvBKDgKP5/ewfXEznmQFfs4ZRmanOeKBTjRVjka3QFoN6XJ+9F3USqfHqTaU5w=="
    },
    "is-obj": {
      "version": "2.0.0",
      "resolved": "https://registry.npmjs.org/is-obj/-/is-obj-2.0.0.tgz",
      "integrity": "sha512-drqDG3cbczxxEJRoOXcOjtdp1J/lyp1mNn0xaznRs8+muBhgQcrnbspox5X5fOw0HnMnbfDzvnEMEtqDEJEo8w=="
    },
    "is-redirect": {
      "version": "1.0.0",
      "resolved": "https://registry.npmjs.org/is-redirect/-/is-redirect-1.0.0.tgz",
      "integrity": "sha1-HQPd7VO9jbDzDCbk+V02/HyH3CQ="
    },
    "is-retry-allowed": {
      "version": "1.2.0",
      "resolved": "https://registry.npmjs.org/is-retry-allowed/-/is-retry-allowed-1.2.0.tgz",
      "integrity": "sha512-RUbUeKwvm3XG2VYamhJL1xFktgjvPzL0Hq8C+6yrWIswDy3BIXGqCxhxkc30N9jqK311gVU137K8Ei55/zVJRg=="
    },
    "is-stream": {
      "version": "1.1.0",
      "resolved": "https://registry.npmjs.org/is-stream/-/is-stream-1.1.0.tgz",
      "integrity": "sha1-EtSj3U5o4Lec6428hBc66A2RykQ="
    },
    "is-typedarray": {
      "version": "1.0.0",
      "resolved": "https://registry.npmjs.org/is-typedarray/-/is-typedarray-1.0.0.tgz",
      "integrity": "sha1-5HnICFjfDBsR3dppQPlgEfzaSpo="
    },
    "js-yaml": {
      "version": "3.14.0",
      "requires": {
        "argparse": "^1.0.7",
        "esprima": "^4.0.0"
      },
      "dependencies": {
        "argparse": {
          "version": "1.0.10",
          "resolved": "https://registry.npmjs.org/argparse/-/argparse-1.0.10.tgz",
          "integrity": "sha512-o5Roy6tNG4SL/FOkCAN6RzjiakZS25RLYFrcMttJqbdd8BWrnA+fGz57iN5Pb06pvBGvl5gQ0B48dJlslXvoTg==",
          "requires": {
            "sprintf-js": "~1.0.2"
          }
        },
        "esprima": {
          "version": "4.0.1",
          "resolved": "https://registry.npmjs.org/esprima/-/esprima-4.0.1.tgz",
          "integrity": "sha512-eGuFFw7Upda+g4p+QHvnW0RyTX/SVeJBDM/gCtMARO0cLuT2HcEKnTPvhjV6aGeqrCB/sbNop0Kszm0jsaWU4A=="
        },
        "sprintf-js": {
          "version": "1.0.3",
          "resolved": "https://registry.npmjs.org/sprintf-js/-/sprintf-js-1.0.3.tgz",
          "integrity": "sha1-BOaSb2YolTVPPdAVIDYzuFcpfiw="
        }
      }
    },
    "limax": {
      "version": "2.1.0",
      "requires": {
        "hepburn": "^1.1.3",
        "pinyin": "^2.9.1",
        "speakingurl": "^14.0.1"
      },
      "dependencies": {
        "abbrev": {
          "version": "1.1.1",
          "resolved": "https://registry.npmjs.org/abbrev/-/abbrev-1.1.1.tgz",
          "integrity": "sha512-nne9/IiQ/hzIhY6pdDnbBtz7DjPTKrY00P/zvPSm5pOFkl6xuGrGnXn/VtTNNfNtAfZ9/1RtehkszU9qcTii0Q==",
          "optional": true
        },
        "ansi-regex": {
          "version": "2.1.1",
          "resolved": "https://registry.npmjs.org/ansi-regex/-/ansi-regex-2.1.1.tgz",
          "integrity": "sha1-w7M6te42DYbg5ijwRorn7yfWVN8=",
          "optional": true
        },
        "aproba": {
          "version": "1.2.0",
          "resolved": "https://registry.npmjs.org/aproba/-/aproba-1.2.0.tgz",
          "integrity": "sha512-Y9J6ZjXtoYh8RnXVCMOU/ttDmk1aBjunq9vO0ta5x85WDQiQfUF9sIPBITdbiiIVcBo03Hi3jMxigBtsddlXRw==",
          "optional": true
        },
        "are-we-there-yet": {
          "version": "1.1.5",
          "resolved": "https://registry.npmjs.org/are-we-there-yet/-/are-we-there-yet-1.1.5.tgz",
          "integrity": "sha512-5hYdAkZlcG8tOLujVDTgCT+uPX0VnpAH28gWsLfzpXYm7wP6mp5Q/gYyR7YQ0cKVJcXJnl3j2kpBan13PtQf6w==",
          "optional": true,
          "requires": {
            "delegates": "^1.0.0",
            "readable-stream": "^2.0.6"
          }
        },
        "balanced-match": {
          "version": "1.0.0",
          "resolved": "https://registry.npmjs.org/balanced-match/-/balanced-match-1.0.0.tgz",
          "integrity": "sha1-ibTRmasr7kneFk6gK4nORi1xt2c=",
          "optional": true
        },
        "brace-expansion": {
          "version": "1.1.11",
          "resolved": "https://registry.npmjs.org/brace-expansion/-/brace-expansion-1.1.11.tgz",
          "integrity": "sha512-iCuPHDFgrHX7H2vEI/5xpz07zSHB00TpugqhmYtVmMO6518mCuRMoOYFldEBl0g187ufozdaHgWKcYFb61qGiA==",
          "optional": true,
          "requires": {
            "balanced-match": "^1.0.0",
            "concat-map": "0.0.1"
          }
        },
        "bulk-replace": {
          "version": "0.0.1",
          "resolved": "https://registry.npmjs.org/bulk-replace/-/bulk-replace-0.0.1.tgz",
          "integrity": "sha1-8JVoKolqvUs9ngjeQJzCIuIT+d0="
        },
        "chownr": {
          "version": "1.1.4",
          "resolved": "https://registry.npmjs.org/chownr/-/chownr-1.1.4.tgz",
          "integrity": "sha512-jJ0bqzaylmJtVnNgzTeSOs8DPavpbYgEr/b0YL8/2GO3xJEhInFmhKMUnEJQjZumK7KXGFhUy89PrsJWlakBVg==",
          "optional": true
        },
        "code-point-at": {
          "version": "1.1.0",
          "resolved": "https://registry.npmjs.org/code-point-at/-/code-point-at-1.1.0.tgz",
          "integrity": "sha1-DQcLTQQ6W+ozovGkDi7bPZpMz3c=",
          "optional": true
        },
        "commander": {
          "version": "1.1.1",
          "resolved": "https://registry.npmjs.org/commander/-/commander-1.1.1.tgz",
          "integrity": "sha1-UNFlGGiuYOzP8KLZ80WVN2vGsEE=",
          "requires": {
            "keypress": "0.1.x"
          }
        },
        "concat-map": {
          "version": "0.0.1",
          "resolved": "https://registry.npmjs.org/concat-map/-/concat-map-0.0.1.tgz",
          "integrity": "sha1-2Klr13/Wjfd5OnMDajug1UBdR3s=",
          "optional": true
        },
        "console-control-strings": {
          "version": "1.1.0",
          "resolved": "https://registry.npmjs.org/console-control-strings/-/console-control-strings-1.1.0.tgz",
          "integrity": "sha1-PXz0Rk22RG6mRL9LOVB/mFEAjo4=",
          "optional": true
        },
        "core-util-is": {
          "version": "1.0.2",
          "resolved": "https://registry.npmjs.org/core-util-is/-/core-util-is-1.0.2.tgz",
          "integrity": "sha1-tf1UIgqivFq1eqtxQMlAdUUDwac=",
          "optional": true
        },
        "debug": {
          "version": "3.2.6",
          "resolved": "https://registry.npmjs.org/debug/-/debug-3.2.6.tgz",
          "integrity": "sha512-mel+jf7nrtEl5Pn1Qx46zARXKDpBbvzezse7p7LqINmdoIk8PYP5SySaxEmYv6TZ0JyEKA1hsCId6DIhgITtWQ==",
          "optional": true,
          "requires": {
            "ms": "^2.1.1"
          }
        },
        "deep-extend": {
          "version": "0.6.0",
          "resolved": "https://registry.npmjs.org/deep-extend/-/deep-extend-0.6.0.tgz",
          "integrity": "sha512-LOHxIOaPYdHlJRtCQfDIVZtfw/ufM8+rVj649RIHzcm/vGwQRXFt6OPqIFWsm2XEMrNIEtWR64sY1LEKD2vAOA==",
          "optional": true
        },
        "delegates": {
          "version": "1.0.0",
          "resolved": "https://registry.npmjs.org/delegates/-/delegates-1.0.0.tgz",
          "integrity": "sha1-hMbhWbgZBP3KWaDvRM2HDTElD5o=",
          "optional": true
        },
        "detect-libc": {
          "version": "1.0.3",
          "resolved": "https://registry.npmjs.org/detect-libc/-/detect-libc-1.0.3.tgz",
          "integrity": "sha1-+hN8S9aY7fVc1c0CrFWfkaTEups=",
          "optional": true
        },
        "fs-minipass": {
          "version": "1.2.7",
          "resolved": "https://registry.npmjs.org/fs-minipass/-/fs-minipass-1.2.7.tgz",
          "integrity": "sha512-GWSSJGFy4e9GUeCcbIkED+bgAoFyj7XF1mV8rma3QW4NIqX9Kyx79N/PF61H5udOV3aY1IaMLs6pGbH71nlCTA==",
          "optional": true,
          "requires": {
            "minipass": "^2.6.0"
          }
        },
        "fs.realpath": {
          "version": "1.0.0",
          "resolved": "https://registry.npmjs.org/fs.realpath/-/fs.realpath-1.0.0.tgz",
          "integrity": "sha1-FQStJSMVjKpA20onh8sBQRmU6k8=",
          "optional": true
        },
        "gauge": {
          "version": "2.7.4",
          "resolved": "https://registry.npmjs.org/gauge/-/gauge-2.7.4.tgz",
          "integrity": "sha1-LANAXHU4w51+s3sxcCLjJfsBi/c=",
          "optional": true,
          "requires": {
            "aproba": "^1.0.3",
            "console-control-strings": "^1.0.0",
            "has-unicode": "^2.0.0",
            "object-assign": "^4.1.0",
            "signal-exit": "^3.0.0",
            "string-width": "^1.0.1",
            "strip-ansi": "^3.0.1",
            "wide-align": "^1.1.0"
          }
        },
        "glob": {
          "version": "7.1.6",
          "resolved": "https://registry.npmjs.org/glob/-/glob-7.1.6.tgz",
          "integrity": "sha512-LwaxwyZ72Lk7vZINtNNrywX0ZuLyStrdDtabefZKAY5ZGJhVtgdznluResxNmPitE0SAO+O26sWTHeKSI2wMBA==",
          "optional": true,
          "requires": {
            "fs.realpath": "^1.0.0",
            "inflight": "^1.0.4",
            "inherits": "2",
            "minimatch": "^3.0.4",
            "once": "^1.3.0",
            "path-is-absolute": "^1.0.0"
          }
        },
        "has-unicode": {
          "version": "2.0.1",
          "resolved": "https://registry.npmjs.org/has-unicode/-/has-unicode-2.0.1.tgz",
          "integrity": "sha1-4Ob+aijPUROIVeCG0Wkedx3iqLk=",
          "optional": true
        },
        "hepburn": {
          "version": "1.2.0",
          "resolved": "https://registry.npmjs.org/hepburn/-/hepburn-1.2.0.tgz",
          "integrity": "sha512-xWjHb03dN/ivNcqG2vqA//sHQ0oapYGZ9QV/2TR7m2+cggxzoVpbDxZn9s/Zm1tF88/7a1IpdZyn00tNP5oABA==",
          "requires": {
            "bulk-replace": "0.0.1"
          }
        },
        "iconv-lite": {
          "version": "0.4.24",
          "resolved": "https://registry.npmjs.org/iconv-lite/-/iconv-lite-0.4.24.tgz",
          "integrity": "sha512-v3MXnZAcvnywkTUEZomIActle7RXXeedOR31wwl7VlyoXO4Qi9arvSenNQWne1TcRwhCL1HwLI21bEqdpj8/rA==",
          "optional": true,
          "requires": {
            "safer-buffer": ">= 2.1.2 < 3"
          }
        },
        "ignore-walk": {
          "version": "3.0.3",
          "resolved": "https://registry.npmjs.org/ignore-walk/-/ignore-walk-3.0.3.tgz",
          "integrity": "sha512-m7o6xuOaT1aqheYHKf8W6J5pYH85ZI9w077erOzLje3JsB1gkafkAhHHY19dqjulgIZHFm32Cp5uNZgcQqdJKw==",
          "optional": true,
          "requires": {
            "minimatch": "^3.0.4"
          }
        },
        "inflight": {
          "version": "1.0.6",
          "resolved": "https://registry.npmjs.org/inflight/-/inflight-1.0.6.tgz",
          "integrity": "sha1-Sb1jMdfQLQwJvJEKEHW6gWW1bfk=",
          "optional": true,
          "requires": {
            "once": "^1.3.0",
            "wrappy": "1"
          }
        },
        "inherits": {
          "version": "2.0.4",
          "resolved": "https://registry.npmjs.org/inherits/-/inherits-2.0.4.tgz",
          "integrity": "sha512-k/vGaX4/Yla3WzyMCvTQOXYeIHvqOKtnqBduzTHpzpQZzAskKMhZ2K+EnBiSM9zGSoIFeMpXKxa4dYeZIQqewQ==",
          "optional": true
        },
        "ini": {
          "version": "1.3.5",
          "resolved": "https://registry.npmjs.org/ini/-/ini-1.3.5.tgz",
          "integrity": "sha512-RZY5huIKCMRWDUqZlEi72f/lmXKMvuszcMBduliQ3nnWbx9X/ZBQO7DijMEYS9EhHBb2qacRUMtC7svLwe0lcw==",
          "optional": true
        },
        "is-fullwidth-code-point": {
          "version": "1.0.0",
          "resolved": "https://registry.npmjs.org/is-fullwidth-code-point/-/is-fullwidth-code-point-1.0.0.tgz",
          "integrity": "sha1-754xOG8DGn8NZDr4L95QxFfvAMs=",
          "optional": true,
          "requires": {
            "number-is-nan": "^1.0.0"
          }
        },
        "isarray": {
          "version": "1.0.0",
          "resolved": "https://registry.npmjs.org/isarray/-/isarray-1.0.0.tgz",
          "integrity": "sha1-u5NdSFgsuhaMBoNJV6VKPgcSTxE=",
          "optional": true
        },
        "keypress": {
          "version": "0.1.0",
          "resolved": "https://registry.npmjs.org/keypress/-/keypress-0.1.0.tgz",
          "integrity": "sha1-SjGI1CkbZrT2XtuZ+AaqmuKTWSo="
        },
        "minimatch": {
          "version": "3.0.4",
          "resolved": "https://registry.npmjs.org/minimatch/-/minimatch-3.0.4.tgz",
          "integrity": "sha512-yJHVQEhyqPLUTgt9B83PXu6W3rx4MvvHvSUvToogpwoGDOUQ+yDrR0HRot+yOCdCO7u4hX3pWft6kWBBcqh0UA==",
          "optional": true,
          "requires": {
            "brace-expansion": "^1.1.7"
          }
        },
        "minimist": {
          "version": "1.2.5",
          "resolved": "https://registry.npmjs.org/minimist/-/minimist-1.2.5.tgz",
          "integrity": "sha512-FM9nNUYrRBAELZQT3xeZQ7fmMOBg6nWNmJKTcgsJeaLstP/UODVpGsr5OhXhhXg6f+qtJ8uiZ+PUxkDWcgIXLw==",
          "optional": true
        },
        "minipass": {
          "version": "2.9.0",
          "resolved": "https://registry.npmjs.org/minipass/-/minipass-2.9.0.tgz",
          "integrity": "sha512-wxfUjg9WebH+CUDX/CdbRlh5SmfZiy/hpkxaRI16Y9W56Pa75sWgd/rvFilSgrauD9NyFymP/+JFV3KwzIsJeg==",
          "optional": true,
          "requires": {
            "safe-buffer": "^5.1.2",
            "yallist": "^3.0.0"
          }
        },
        "minizlib": {
          "version": "1.3.3",
          "resolved": "https://registry.npmjs.org/minizlib/-/minizlib-1.3.3.tgz",
          "integrity": "sha512-6ZYMOEnmVsdCeTJVE0W9ZD+pVnE8h9Hma/iOwwRDsdQoePpoX56/8B6z3P9VNwppJuBKNRuFDRNRqRWexT9G9Q==",
          "optional": true,
          "requires": {
            "minipass": "^2.9.0"
          }
        },
        "mkdirp": {
          "version": "0.5.5",
          "resolved": "https://registry.npmjs.org/mkdirp/-/mkdirp-0.5.5.tgz",
          "integrity": "sha512-NKmAlESf6jMGym1++R0Ra7wvhV+wFW63FaSOFPwRahvea0gMUcGUhVeAg/0BC0wiv9ih5NYPB1Wn1UEI1/L+xQ==",
          "optional": true,
          "requires": {
            "minimist": "^1.2.5"
          }
        },
        "ms": {
          "version": "2.1.2",
          "resolved": "https://registry.npmjs.org/ms/-/ms-2.1.2.tgz",
          "integrity": "sha512-sGkPx+VjMtmA6MX27oA4FBFELFCZZ4S4XqeGOXCv68tT+jb3vk/RyaKWP0PTKyWtmLSM0b+adUTEvbs1PEaH2w==",
          "optional": true
        },
        "nan": {
          "version": "2.14.1",
          "resolved": "https://registry.npmjs.org/nan/-/nan-2.14.1.tgz",
          "integrity": "sha512-isWHgVjnFjh2x2yuJ/tj3JbwoHu3UC2dX5G/88Cm24yB6YopVgxvBObDY7n5xW6ExmFhJpSEQqFPvq9zaXc8Jw==",
          "optional": true
        },
        "needle": {
          "version": "2.5.0",
          "resolved": "https://registry.npmjs.org/needle/-/needle-2.5.0.tgz",
          "integrity": "sha512-o/qITSDR0JCyCKEQ1/1bnUXMmznxabbwi/Y4WwJElf+evwJNFNwIDMCCt5IigFVxgeGBJESLohGtIS9gEzo1fA==",
          "optional": true,
          "requires": {
            "debug": "^3.2.6",
            "iconv-lite": "^0.4.4",
            "sax": "^1.2.4"
          }
        },
        "node-pre-gyp": {
          "version": "0.14.0",
          "resolved": "https://registry.npmjs.org/node-pre-gyp/-/node-pre-gyp-0.14.0.tgz",
          "integrity": "sha512-+CvDC7ZttU/sSt9rFjix/P05iS43qHCOOGzcr3Ry99bXG7VX953+vFyEuph/tfqoYu8dttBkE86JSKBO2OzcxA==",
          "optional": true,
          "requires": {
            "detect-libc": "^1.0.2",
            "mkdirp": "^0.5.1",
            "needle": "^2.2.1",
            "nopt": "^4.0.1",
            "npm-packlist": "^1.1.6",
            "npmlog": "^4.0.2",
            "rc": "^1.2.7",
            "rimraf": "^2.6.1",
            "semver": "^5.3.0",
            "tar": "^4.4.2"
          }
        },
        "nodejieba": {
          "version": "2.4.1",
          "resolved": "https://registry.npmjs.org/nodejieba/-/nodejieba-2.4.1.tgz",
          "integrity": "sha512-fxlVloaO5baDBmpnQ2egDCe6FT9SJdfbFak7tK7dKH16d7SxA5bLdv47EdTwtKS9DRbnXnMlyX5Wc33XAnaQuA==",
          "optional": true,
          "requires": {
            "nan": "^2.14.0",
            "node-pre-gyp": "^0.14.0"
          }
        },
        "nopt": {
          "version": "4.0.3",
          "resolved": "https://registry.npmjs.org/nopt/-/nopt-4.0.3.tgz",
          "integrity": "sha512-CvaGwVMztSMJLOeXPrez7fyfObdZqNUK1cPAEzLHrTybIua9pMdmmPR5YwtfNftIOMv3DPUhFaxsZMNTQO20Kg==",
          "optional": true,
          "requires": {
            "abbrev": "1",
            "osenv": "^0.1.4"
          }
        },
        "npm-bundled": {
          "version": "1.1.1",
          "resolved": "https://registry.npmjs.org/npm-bundled/-/npm-bundled-1.1.1.tgz",
          "integrity": "sha512-gqkfgGePhTpAEgUsGEgcq1rqPXA+tv/aVBlgEzfXwA1yiUJF7xtEt3CtVwOjNYQOVknDk0F20w58Fnm3EtG0fA==",
          "optional": true,
          "requires": {
            "npm-normalize-package-bin": "^1.0.1"
          }
        },
        "npm-normalize-package-bin": {
          "version": "1.0.1",
          "resolved": "https://registry.npmjs.org/npm-normalize-package-bin/-/npm-normalize-package-bin-1.0.1.tgz",
          "integrity": "sha512-EPfafl6JL5/rU+ot6P3gRSCpPDW5VmIzX959Ob1+ySFUuuYHWHekXpwdUZcKP5C+DS4GEtdJluwBjnsNDl+fSA==",
          "optional": true
        },
        "npm-packlist": {
          "version": "1.4.8",
          "resolved": "https://registry.npmjs.org/npm-packlist/-/npm-packlist-1.4.8.tgz",
          "integrity": "sha512-5+AZgwru5IevF5ZdnFglB5wNlHG1AOOuw28WhUq8/8emhBmLv6jX5by4WJCh7lW0uSYZYS6DXqIsyZVIXRZU9A==",
          "optional": true,
          "requires": {
            "ignore-walk": "^3.0.1",
            "npm-bundled": "^1.0.1",
            "npm-normalize-package-bin": "^1.0.1"
          }
        },
        "npmlog": {
          "version": "4.1.2",
          "resolved": "https://registry.npmjs.org/npmlog/-/npmlog-4.1.2.tgz",
          "integrity": "sha512-2uUqazuKlTaSI/dC8AzicUck7+IrEaOnN/e0jd3Xtt1KcGpwx30v50mL7oPyr/h9bL3E4aZccVwpwP+5W9Vjkg==",
          "optional": true,
          "requires": {
            "are-we-there-yet": "~1.1.2",
            "console-control-strings": "~1.1.0",
            "gauge": "~2.7.3",
            "set-blocking": "~2.0.0"
          }
        },
        "number-is-nan": {
          "version": "1.0.1",
          "resolved": "https://registry.npmjs.org/number-is-nan/-/number-is-nan-1.0.1.tgz",
          "integrity": "sha1-CXtgK1NCKlIsGvuHkDGDNpQaAR0=",
          "optional": true
        },
        "object-assign": {
          "version": "4.1.1",
          "resolved": "https://registry.npmjs.org/object-assign/-/object-assign-4.1.1.tgz",
          "integrity": "sha1-IQmtx5ZYh8/AXLvUQsrIv7s2CGM="
        },
        "once": {
          "version": "1.4.0",
          "resolved": "https://registry.npmjs.org/once/-/once-1.4.0.tgz",
          "integrity": "sha1-WDsap3WWHUsROsF9nFC6753Xa9E=",
          "optional": true,
          "requires": {
            "wrappy": "1"
          }
        },
        "os-homedir": {
          "version": "1.0.2",
          "resolved": "https://registry.npmjs.org/os-homedir/-/os-homedir-1.0.2.tgz",
          "integrity": "sha1-/7xJiDNuDoM94MFox+8VISGqf7M=",
          "optional": true
        },
        "os-tmpdir": {
          "version": "1.0.2",
          "resolved": "https://registry.npmjs.org/os-tmpdir/-/os-tmpdir-1.0.2.tgz",
          "integrity": "sha1-u+Z0BseaqFxc/sdm/lc0VV36EnQ=",
          "optional": true
        },
        "osenv": {
          "version": "0.1.5",
          "resolved": "https://registry.npmjs.org/osenv/-/osenv-0.1.5.tgz",
          "integrity": "sha512-0CWcCECdMVc2Rw3U5w9ZjqX6ga6ubk1xDVKxtBQPK7wis/0F2r9T6k4ydGYhecl7YUBxBVxhL5oisPsNxAPe2g==",
          "optional": true,
          "requires": {
            "os-homedir": "^1.0.0",
            "os-tmpdir": "^1.0.0"
          }
        },
        "path-is-absolute": {
          "version": "1.0.1",
          "resolved": "https://registry.npmjs.org/path-is-absolute/-/path-is-absolute-1.0.1.tgz",
          "integrity": "sha1-F0uSaHNVNP+8es5r9TpanhtcX18=",
          "optional": true
        },
        "pinyin": {
          "version": "2.9.1",
          "resolved": "https://registry.npmjs.org/pinyin/-/pinyin-2.9.1.tgz",
          "integrity": "sha512-U7kHlVP6yUYl2DV2bX4brlYWdgaAlwtqJrdkboiyri9ixRDVqVO3LD98te3PT5deN5EA9W8ywuG9GaYZfiiIlw==",
          "requires": {
            "commander": "~1.1.1",
            "nodejieba": "^2.2.1",
            "object-assign": "^4.0.1"
          }
        },
        "process-nextick-args": {
          "version": "2.0.1",
          "resolved": "https://registry.npmjs.org/process-nextick-args/-/process-nextick-args-2.0.1.tgz",
          "integrity": "sha512-3ouUOpQhtgrbOa17J7+uxOTpITYWaGP7/AhoR3+A+/1e9skrzelGi/dXzEYyvbxubEF6Wn2ypscTKiKJFFn1ag==",
          "optional": true
        },
        "rc": {
          "version": "1.2.8",
          "resolved": "https://registry.npmjs.org/rc/-/rc-1.2.8.tgz",
          "integrity": "sha512-y3bGgqKj3QBdxLbLkomlohkvsA8gdAiUQlSBJnBhfn+BPxg4bc62d8TcBW15wavDfgexCgccckhcZvywyQYPOw==",
          "optional": true,
          "requires": {
            "deep-extend": "^0.6.0",
            "ini": "~1.3.0",
            "minimist": "^1.2.0",
            "strip-json-comments": "~2.0.1"
          }
        },
        "readable-stream": {
          "version": "2.3.7",
          "resolved": "https://registry.npmjs.org/readable-stream/-/readable-stream-2.3.7.tgz",
          "integrity": "sha512-Ebho8K4jIbHAxnuxi7o42OrZgF/ZTNcsZj6nRKyUmkhLFq8CHItp/fy6hQZuZmP/n3yZ9VBUbp4zz/mX8hmYPw==",
          "optional": true,
          "requires": {
            "core-util-is": "~1.0.0",
            "inherits": "~2.0.3",
            "isarray": "~1.0.0",
            "process-nextick-args": "~2.0.0",
            "safe-buffer": "~5.1.1",
            "string_decoder": "~1.1.1",
            "util-deprecate": "~1.0.1"
          }
        },
        "rimraf": {
          "version": "2.7.1",
          "resolved": "https://registry.npmjs.org/rimraf/-/rimraf-2.7.1.tgz",
          "integrity": "sha512-uWjbaKIK3T1OSVptzX7Nl6PvQ3qAGtKEtVRjRuazjfL3Bx5eI409VZSqgND+4UNnmzLVdPj9FqFJNPqBZFve4w==",
          "optional": true,
          "requires": {
            "glob": "^7.1.3"
          }
        },
        "safe-buffer": {
          "version": "5.1.2",
          "resolved": "https://registry.npmjs.org/safe-buffer/-/safe-buffer-5.1.2.tgz",
          "integrity": "sha512-Gd2UZBJDkXlY7GbJxfsE8/nvKkUEU1G38c1siN6QP6a9PT9MmHB8GnpscSmMJSoF8LOIrt8ud/wPtojys4G6+g==",
          "optional": true
        },
        "safer-buffer": {
          "version": "2.1.2",
          "resolved": "https://registry.npmjs.org/safer-buffer/-/safer-buffer-2.1.2.tgz",
          "integrity": "sha512-YZo3K82SD7Riyi0E1EQPojLz7kpepnSQI9IyPbHHg1XXXevb5dJI7tpyN2ADxGcQbHG7vcyRHk0cbwqcQriUtg==",
          "optional": true
        },
        "sax": {
          "version": "1.2.4",
          "resolved": "https://registry.npmjs.org/sax/-/sax-1.2.4.tgz",
          "integrity": "sha512-NqVDv9TpANUjFm0N8uM5GxL36UgKi9/atZw+x7YFnQ8ckwFGKrl4xX4yWtrey3UJm5nP1kUbnYgLopqWNSRhWw==",
          "optional": true
        },
        "semver": {
          "version": "5.7.1",
          "resolved": "https://registry.npmjs.org/semver/-/semver-5.7.1.tgz",
          "integrity": "sha512-sauaDf/PZdVgrLTNYHRtpXa1iRiKcaebiKQ1BJdpQlWH2lCvexQdX55snPFyK7QzpudqbCI0qXFfOasHdyNDGQ==",
          "optional": true
        },
        "set-blocking": {
          "version": "2.0.0",
          "resolved": "https://registry.npmjs.org/set-blocking/-/set-blocking-2.0.0.tgz",
          "integrity": "sha1-BF+XgtARrppoA93TgrJDkrPYkPc=",
          "optional": true
        },
        "signal-exit": {
          "version": "3.0.3",
          "resolved": "https://registry.npmjs.org/signal-exit/-/signal-exit-3.0.3.tgz",
          "integrity": "sha512-VUJ49FC8U1OxwZLxIbTTrDvLnf/6TDgxZcK8wxR8zs13xpx7xbG60ndBlhNrFi2EMuFRoeDoJO7wthSLq42EjA==",
          "optional": true
        },
        "speakingurl": {
          "version": "14.0.1",
          "resolved": "https://registry.npmjs.org/speakingurl/-/speakingurl-14.0.1.tgz",
          "integrity": "sha512-1POYv7uv2gXoyGFpBCmpDVSNV74IfsWlDW216UPjbWufNf+bSU6GdbDsxdcxtfwb4xlI3yxzOTKClUosxARYrQ=="
        },
        "string-width": {
          "version": "1.0.2",
          "resolved": "https://registry.npmjs.org/string-width/-/string-width-1.0.2.tgz",
          "integrity": "sha1-EYvfW4zcUaKn5w0hHgfisLmxB9M=",
          "optional": true,
          "requires": {
            "code-point-at": "^1.0.0",
            "is-fullwidth-code-point": "^1.0.0",
            "strip-ansi": "^3.0.0"
          }
        },
        "string_decoder": {
          "version": "1.1.1",
          "resolved": "https://registry.npmjs.org/string_decoder/-/string_decoder-1.1.1.tgz",
          "integrity": "sha512-n/ShnvDi6FHbbVfviro+WojiFzv+s8MPMHBczVePfUpDJLwoLT0ht1l4YwBCbi8pJAveEEdnkHyPyTP/mzRfwg==",
          "optional": true,
          "requires": {
            "safe-buffer": "~5.1.0"
          }
        },
        "strip-ansi": {
          "version": "3.0.1",
          "resolved": "https://registry.npmjs.org/strip-ansi/-/strip-ansi-3.0.1.tgz",
          "integrity": "sha1-ajhfuIU9lS1f8F0Oiq+UJ43GPc8=",
          "optional": true,
          "requires": {
            "ansi-regex": "^2.0.0"
          }
        },
        "strip-json-comments": {
          "version": "2.0.1",
          "resolved": "https://registry.npmjs.org/strip-json-comments/-/strip-json-comments-2.0.1.tgz",
          "integrity": "sha1-PFMZQukIwml8DsNEhYwobHygpgo=",
          "optional": true
        },
        "tar": {
          "version": "4.4.13",
          "resolved": "https://registry.npmjs.org/tar/-/tar-4.4.13.tgz",
          "integrity": "sha512-w2VwSrBoHa5BsSyH+KxEqeQBAllHhccyMFVHtGtdMpF4W7IRWfZjFiQceJPChOeTsSDVUpER2T8FA93pr0L+QA==",
          "optional": true,
          "requires": {
            "chownr": "^1.1.1",
            "fs-minipass": "^1.2.5",
            "minipass": "^2.8.6",
            "minizlib": "^1.2.1",
            "mkdirp": "^0.5.0",
            "safe-buffer": "^5.1.2",
            "yallist": "^3.0.3"
          }
        },
        "util-deprecate": {
          "version": "1.0.2",
          "resolved": "https://registry.npmjs.org/util-deprecate/-/util-deprecate-1.0.2.tgz",
          "integrity": "sha1-RQ1Nyfpw3nMnYvvS1KKJgUGaDM8=",
          "optional": true
        },
        "wide-align": {
          "version": "1.1.3",
          "resolved": "https://registry.npmjs.org/wide-align/-/wide-align-1.1.3.tgz",
          "integrity": "sha512-QGkOQc8XL6Bt5PwnsExKBPuMKBxnGxWWW3fU55Xt4feHozMUhdUMaBCk290qpm/wG5u/RSKzwdAC4i51YigihA==",
          "optional": true,
          "requires": {
            "string-width": "^1.0.2 || 2"
          }
        },
        "wrappy": {
          "version": "1.0.2",
          "resolved": "https://registry.npmjs.org/wrappy/-/wrappy-1.0.2.tgz",
          "integrity": "sha1-tSQ9jz7BqjXxNkYFvA0QNuMKtp8=",
          "optional": true
        },
        "yallist": {
          "version": "3.1.1",
          "resolved": "https://registry.npmjs.org/yallist/-/yallist-3.1.1.tgz",
          "integrity": "sha512-a4UGQaWPH59mOXUYnAG2ewncQS4i4F43Tv3JoAM+s2VDAmS9NsK8GpDMLrCHPksFT7h3K6TOoUNn2pb7RoXx4g==",
          "optional": true
        }
      }
    },
    "lowercase-keys": {
      "version": "1.0.1",
      "resolved": "https://registry.npmjs.org/lowercase-keys/-/lowercase-keys-1.0.1.tgz",
      "integrity": "sha512-G2Lj61tXDnVFFOi8VZds+SoQjtQC3dgokKdDG2mTm1tx4m50NUHBOZSBwQQHyy0V12A0JTG4icfZQH+xPyh8VA=="
    },
    "lz-string": {
      "version": "1.4.4"
    },
    "make-dir": {
      "version": "3.1.0",
      "resolved": "https://registry.npmjs.org/make-dir/-/make-dir-3.1.0.tgz",
      "integrity": "sha512-g3FeP20LNwhALb/6Cz6Dd4F2ngze0jz7tbzrD2wAV+o9FeNHe4rL+yK2md0J/fiSf1sa1ADhXqi5+oVwOM/eGw==",
      "requires": {
        "semver": "^6.0.0"
      }
    },
    "ms": {
      "version": "2.1.2",
      "resolved": "https://registry.npmjs.org/ms/-/ms-2.1.2.tgz",
      "integrity": "sha512-sGkPx+VjMtmA6MX27oA4FBFELFCZZ4S4XqeGOXCv68tT+jb3vk/RyaKWP0PTKyWtmLSM0b+adUTEvbs1PEaH2w=="
    },
    "prepend-http": {
      "version": "1.0.4",
      "resolved": "https://registry.npmjs.org/prepend-http/-/prepend-http-1.0.4.tgz",
      "integrity": "sha1-1PRWKwzjaW5BrFLQ4ALlemNdxtw="
    },
    "safe-buffer": {
      "version": "5.2.1",
      "resolved": "https://registry.npmjs.org/safe-buffer/-/safe-buffer-5.2.1.tgz",
      "integrity": "sha512-rp3So07KcdmmKbGvgaNxQSJr7bGVSVk5S9Eq1F+ppbRo70+YeaDxkw5Dd8NPN+GD6bjnYm2VuPuCXmpuYvmCXQ=="
    },
    "semver": {
      "version": "6.3.0",
      "resolved": "https://registry.npmjs.org/semver/-/semver-6.3.0.tgz",
      "integrity": "sha512-b39TBaTSfV6yBrapU89p5fKekE2m/NwnDocOVruQFS1/veMgdzuPcnOM34M6CwxW8jH/lxEa5rBoDeUwu5HHTw=="
    },
    "signal-exit": {
      "version": "3.0.3",
      "resolved": "https://registry.npmjs.org/signal-exit/-/signal-exit-3.0.3.tgz",
      "integrity": "sha512-VUJ49FC8U1OxwZLxIbTTrDvLnf/6TDgxZcK8wxR8zs13xpx7xbG60ndBlhNrFi2EMuFRoeDoJO7wthSLq42EjA=="
    },
    "timed-out": {
      "version": "4.0.1",
      "resolved": "https://registry.npmjs.org/timed-out/-/timed-out-4.0.1.tgz",
      "integrity": "sha1-8y6srFoXW+ol1/q1Zas+2HQe9W8="
    },
    "typedarray-to-buffer": {
      "version": "3.1.5",
      "resolved": "https://registry.npmjs.org/typedarray-to-buffer/-/typedarray-to-buffer-3.1.5.tgz",
      "integrity": "sha512-zdu8XMNEDepKKR+XYOXAVPtWui0ly0NtohUscw+UmaHiAWT8hrV1rr//H6V+0DvJ3OQ19S979M0laLfX8rm82Q==",
      "requires": {
        "is-typedarray": "^1.0.0"
      }
    },
    "unique-string": {
      "version": "2.0.0",
      "resolved": "https://registry.npmjs.org/unique-string/-/unique-string-2.0.0.tgz",
      "integrity": "sha512-uNaeirEPvpZWSgzwsPGtU2zVSTrn/8L5q/IexZmH0eH6SA73CmAA5U4GwORTxQAZs95TAXLNqeLoPPNO5gZfWg==",
      "requires": {
        "crypto-random-string": "^2.0.0"
      }
    },
    "unzip-response": {
      "version": "2.0.1",
      "resolved": "https://registry.npmjs.org/unzip-response/-/unzip-response-2.0.1.tgz",
      "integrity": "sha1-0vD3N9FrBhXnKmk17QQhRXLVb5c="
    },
    "url-parse-lax": {
      "version": "1.0.0",
      "resolved": "https://registry.npmjs.org/url-parse-lax/-/url-parse-lax-1.0.0.tgz",
      "integrity": "sha1-evjzA2Rem9eaJy56FKxovAYJ2nM=",
      "requires": {
        "prepend-http": "^1.0.1"
      }
    },
    "write-file-atomic": {
      "version": "3.0.3",
      "resolved": "https://registry.npmjs.org/write-file-atomic/-/write-file-atomic-3.0.3.tgz",
      "integrity": "sha512-AvHcyZ5JnSfq3ioSyjrBkH9yW4m7Ayk8/9My/DD9onKeu/94fwrMocemO2QAJFAlnnDN+ZDS+ZjAR5ua1/PV/Q==",
      "requires": {
        "imurmurhash": "^0.1.4",
        "is-typedarray": "^1.0.0",
        "signal-exit": "^3.0.2",
        "typedarray-to-buffer": "^3.1.5"
      }
    },
    "xdg-basedir": {
      "version": "4.0.0",
      "resolved": "https://registry.npmjs.org/xdg-basedir/-/xdg-basedir-4.0.0.tgz",
      "integrity": "sha512-PSNhEJDejZYV7h50BohL09Er9VaIefr2LMAf3OEmpCkjOi34eYyQYAXUTjEQtZJTKcF0E2UKTh+osDLsgNim9Q=="
    }
  }
}
